
Microsoft Visual Studio Solution File, Format Version 12.00
# Visual Studio Version 16
VisualStudioVersion = 16.0.31313.79
MinimumVisualStudioVersion = 10.0.40219.1
Project("{9A19103F-16F7-4668-BE54-9A1E7A4F7556}") = "Encryption", "Encryption\Encryption.csproj", "{04A1DA2F-9BF7-4CDF-85B0-9BA4F9CD064C}"
EndProject
Project("{9A19103F-16F7-4668-BE54-9A1E7A4F7556}") = "Encryption.Models", "Encryption.Models\Encryption.Models.csproj", "{A3C2EA79-7E92-4006-848D-8AEAABC76D1F}"
EndProject
Project("{9A19103F-16F7-4668-BE54-9A1E7A4F7556}") = "Encryption.DataAccess", "Encryption.DataAccess\Encryption.DataAccess.csproj", "{1BEC8F46-5183-479C-AE0F-98E09E7D34E7}"
EndProject
Project("{9A19103F-16F7-4668-BE54-9A1E7A4F7556}") = "Encryption.Utility", "Encryption.Utility\Encryption.Utility.csproj", "{C8A93CF0-9AC5-49B0-AB13-B226B7168B61}"
EndProject
Project("{9A19103F-16F7-4668-BE54-9A1E7A4F7556}") = "Encryption.Enums", "Encryption.Enums\Encryption.Enums.csproj", "{74577151-AA45-4B59-AEA3-D675EB69AB59}"
EndProject
Project("{9A19103F-16F7-4668-BE54-9A1E7A4F7556}") = "Encryption.Services", "Encryption.Services\Encryption.Services.csproj", "{43A9E2C4-AF64-44AB-9463-04C7BE4B6113}"
EndProject
Project("{FAE04EC0-301F-11D3-BF4B-00C04F79EFBC}") = "Encryption.Extensions", "Encryption.Extensions\Encryption.Extensions.csproj", "{36608CC5-AB49-42CA-B1D0-A1788B210197}"
EndProject
Global
	GlobalSection(SolutionConfigurationPlatforms) = preSolution
		Debug|Any CPU = Debug|Any CPU
		Release|Any CPU = Release|Any CPU
	EndGlobalSection
	GlobalSection(ProjectConfigurationPlatforms) = postSolution
		{04A1DA2F-9BF7-4CDF-85B0-9BA4F9CD064C}.Debug|Any CPU.ActiveCfg = Debug|Any CPU
		{04A1DA2F-9BF7-4CDF-85B0-9BA4F9CD064C}.Debug|Any CPU.Build.0 = Debug|Any CPU
		{04A1DA2F-9BF7-4CDF-85B0-9BA4F9CD064C}.Release|Any CPU.ActiveCfg = Release|Any CPU
		{04A1DA2F-9BF7-4CDF-85B0-9BA4F9CD064C}.Release|Any CPU.Build.0 = Release|Any CPU
		{A3C2EA79-7E92-4006-848D-8AEAABC76D1F}.Debug|Any CPU.ActiveCfg = Debug|Any CPU
		{A3C2EA79-7E92-4006-848D-8AEAABC76D1F}.Debug|Any CPU.Build.0 = Debug|Any CPU
		{A3C2EA79-7E92-4006-848D-8AEAABC76D1F}.Release|Any CPU.ActiveCfg = Release|Any CPU
		{A3C2EA79-7E92-4006-848D-8AEAABC76D1F}.Release|Any CPU.Build.0 = Release|Any CPU
		{1BEC8F46-5183-479C-AE0F-98E09E7D34E7}.Debug|Any CPU.ActiveCfg = Debug|Any CPU
		{1BEC8F46-5183-479C-AE0F-98E09E7D34E7}.Debug|Any CPU.Build.0 = Debug|Any CPU
		{1BEC8F46-5183-479C-AE0F-98E09E7D34E7}.Release|Any CPU.ActiveCfg = Release|Any CPU
		{1BEC8F46-5183-479C-AE0F-98E09E7D34E7}.Release|Any CPU.Build.0 = Release|Any CPU
		{C8A93CF0-9AC5-49B0-AB13-B226B7168B61}.Debug|Any CPU.ActiveCfg = Debug|Any CPU
		{C8A93CF0-9AC5-49B0-AB13-B226B7168B61}.Debug|Any CPU.Build.0 = Debug|Any CPU
		{C8A93CF0-9AC5-49B0-AB13-B226B7168B61}.Release|Any CPU.ActiveCfg = Release|Any CPU
		{C8A93CF0-9AC5-49B0-AB13-B226B7168B61}.Release|Any CPU.Build.0 = Release|Any CPU
		{74577151-AA45-4B59-AEA3-D675EB69AB59}.Debug|Any CPU.ActiveCfg = Debug|Any CPU
		{74577151-AA45-4B59-AEA3-D675EB69AB59}.Debug|Any CPU.Build.0 = Debug|Any CPU
		{74577151-AA45-4B59-AEA3-D675EB69AB59}.Release|Any CPU.ActiveCfg = Release|Any CPU
		{74577151-AA45-4B59-AEA3-D675EB69AB59}.Release|Any CPU.Build.0 = Release|Any CPU
		{43A9E2C4-AF64-44AB-9463-04C7BE4B6113}.Debug|Any CPU.ActiveCfg = Debug|Any CPU
		{43A9E2C4-AF64-44AB-9463-04C7BE4B6113}.Debug|Any CPU.Build.0 = Debug|Any CPU
		{43A9E2C4-AF64-44AB-9463-04C7BE4B6113}.Release|Any CPU.ActiveCfg = Release|Any CPU
		{43A9E2C4-AF64-44AB-9463-04C7BE4B6113}.Release|Any CPU.Build.0 = Release|Any CPU
		{36608CC5-AB49-42CA-B1D0-A1788B210197}.Debug|Any CPU.ActiveCfg = Debug|Any CPU
		{36608CC5-AB49-42CA-B1D0-A1788B210197}.Debug|Any CPU.Build.0 = Debug|Any CPU
		{36608CC5-AB49-42CA-B1D0-A1788B210197}.Release|Any CPU.ActiveCfg = Release|Any CPU
		{36608CC5-AB49-42CA-B1D0-A1788B210197}.Release|Any CPU.Build.0 = Release|Any CPU
	EndGlobalSection
	GlobalSection(SolutionProperties) = preSolution
		HideSolutionNode = FALSE
	EndGlobalSection
	GlobalSection(ExtensibilityGlobals) = postSolution
		SolutionGuid = {2A05C736-8ED9-46C0-B3FC-ED1C18DE8BDC}
	EndGlobalSection
EndGlobal
